
Microsoft Visual Studio Solution File, Format Version 12.00
# Visual Studio Version 17
VisualStudioVersion = 17.13.35931.197 d17.13
MinimumVisualStudioVersion = 10.0.40219.1
Project("{FAE04EC0-301F-11D3-BF4B-00C04F79EFBC}") = "BookReviewApp.Core", "BookReviewApp.Core\BookReviewApp.Core.csproj", "{06BE62D4-2CB4-4D2B-87BB-CC5CB10F0BA8}"
EndProject
Project("{FAE04EC0-301F-11D3-BF4B-00C04F79EFBC}") = "BookReviewApp.Infrastructure", "BookReviewApp.Infrastructure\BookReviewApp.Infrastructure.csproj", "{0FBA9FAB-E78C-430A-8B9A-FA4147406A8A}"
EndProject
Global
	GlobalSection(SolutionConfigurationPlatforms) = preSolution
		Debug|Any CPU = Debug|Any CPU
		Release|Any CPU = Release|Any CPU
	EndGlobalSection
	GlobalSection(ProjectConfigurationPlatforms) = postSolution
		{06BE62D4-2CB4-4D2B-87BB-CC5CB10F0BA8}.Debug|Any CPU.ActiveCfg = Debug|Any CPU
		{06BE62D4-2CB4-4D2B-87BB-CC5CB10F0BA8}.Debug|Any CPU.Build.0 = Debug|Any CPU
		{06BE62D4-2CB4-4D2B-87BB-CC5CB10F0BA8}.Release|Any CPU.ActiveCfg = Release|Any CPU
		{06BE62D4-2CB4-4D2B-87BB-CC5CB10F0BA8}.Release|Any CPU.Build.0 = Release|Any CPU
		{0FBA9FAB-E78C-430A-8B9A-FA4147406A8A}.Debug|Any CPU.ActiveCfg = Debug|Any CPU
		{0FBA9FAB-E78C-430A-8B9A-FA4147406A8A}.Debug|Any CPU.Build.0 = Debug|Any CPU
		{0FBA9FAB-E78C-430A-8B9A-FA4147406A8A}.Release|Any CPU.ActiveCfg = Release|Any CPU
		{0FBA9FAB-E78C-430A-8B9A-FA4147406A8A}.Release|Any CPU.Build.0 = Release|Any CPU
	EndGlobalSection
	GlobalSection(SolutionProperties) = preSolution
		HideSolutionNode = FALSE
	EndGlobalSection
	GlobalSection(ExtensibilityGlobals) = postSolution
		SolutionGuid = {AFAF4335-F623-43E7-A4A5-33DAEC2D34C5}
	EndGlobalSection
EndGlobal
