
Microsoft Visual Studio Solution File, Format Version 12.00
# Visual Studio Version 17
VisualStudioVersion = 17.14.35806.103
MinimumVisualStudioVersion = 10.0.40219.1
Project("{FAE04EC0-301F-11D3-BF4B-00C04F79EFBC}") = "WebApplication1", "WebApplication1\WebApplication1.csproj", "{A138AEFA-4B3F-44B5-8D13-6757D14C3D66}"
EndProject
Project("{2150E333-8FDC-42A3-9474-1A3956D46DE8}") = "Solution Items", "Solution Items", "{8EC462FD-D22E-90A8-E5CE-7E832BA40C5D}"
	ProjectSection(SolutionItems) = preProject
		Notlar.txt = Notlar.txt
	EndProjectSection
EndProject
Global
	GlobalSection(SolutionConfigurationPlatforms) = preSolution
		Debug|Any CPU = Debug|Any CPU
		Release|Any CPU = Release|Any CPU
	EndGlobalSection
	GlobalSection(ProjectConfigurationPlatforms) = postSolution
		{A138AEFA-4B3F-44B5-8D13-6757D14C3D66}.Debug|Any CPU.ActiveCfg = Debug|Any CPU
		{A138AEFA-4B3F-44B5-8D13-6757D14C3D66}.Debug|Any CPU.Build.0 = Debug|Any CPU
		{A138AEFA-4B3F-44B5-8D13-6757D14C3D66}.Release|Any CPU.ActiveCfg = Release|Any CPU
		{A138AEFA-4B3F-44B5-8D13-6757D14C3D66}.Release|Any CPU.Build.0 = Release|Any CPU
	EndGlobalSection
	GlobalSection(SolutionProperties) = preSolution
		HideSolutionNode = FALSE
	EndGlobalSection
	GlobalSection(ExtensibilityGlobals) = postSolution
		SolutionGuid = {0AA99EF6-1C73-4240-9DC4-6664D6C3E608}
	EndGlobalSection
EndGlobal
