
Microsoft Visual Studio Solution File, Format Version 12.00
# Visual Studio Version 17
VisualStudioVersion = 17.13.35931.197
MinimumVisualStudioVersion = 10.0.40219.1
Project("{2150E333-8FDC-42A3-9474-1A3956D46DE8}") = "Solution Items", "Solution Items", "{8EC462FD-D22E-90A8-E5CE-7E832BA40C5D}"
	ProjectSection(SolutionItems) = preProject
		Notlar.txt = Notlar.txt
	EndProjectSection
EndProject
Project("{FAE04EC0-301F-11D3-BF4B-00C04F79EFBC}") = "ex00_JWT", "ex00_JWT\ex00_JWT.csproj", "{19E1ECD5-DAD1-4BA1-8E64-0DB5B0624533}"
EndProject
Project("{FAE04EC0-301F-11D3-BF4B-00C04F79EFBC}") = "Client_MVC", "Client_MVC\Client_MVC.csproj", "{84EAA563-B8AE-4770-A6C1-8624F5F65E20}"
EndProject
Global
	GlobalSection(SolutionConfigurationPlatforms) = preSolution
		Debug|Any CPU = Debug|Any CPU
		Release|Any CPU = Release|Any CPU
	EndGlobalSection
	GlobalSection(ProjectConfigurationPlatforms) = postSolution
		{19E1ECD5-DAD1-4BA1-8E64-0DB5B0624533}.Debug|Any CPU.ActiveCfg = Debug|Any CPU
		{19E1ECD5-DAD1-4BA1-8E64-0DB5B0624533}.Debug|Any CPU.Build.0 = Debug|Any CPU
		{19E1ECD5-DAD1-4BA1-8E64-0DB5B0624533}.Release|Any CPU.ActiveCfg = Release|Any CPU
		{19E1ECD5-DAD1-4BA1-8E64-0DB5B0624533}.Release|Any CPU.Build.0 = Release|Any CPU
		{84EAA563-B8AE-4770-A6C1-8624F5F65E20}.Debug|Any CPU.ActiveCfg = Debug|Any CPU
		{84EAA563-B8AE-4770-A6C1-8624F5F65E20}.Debug|Any CPU.Build.0 = Debug|Any CPU
		{84EAA563-B8AE-4770-A6C1-8624F5F65E20}.Release|Any CPU.ActiveCfg = Release|Any CPU
		{84EAA563-B8AE-4770-A6C1-8624F5F65E20}.Release|Any CPU.Build.0 = Release|Any CPU
	EndGlobalSection
	GlobalSection(SolutionProperties) = preSolution
		HideSolutionNode = FALSE
	EndGlobalSection
	GlobalSection(ExtensibilityGlobals) = postSolution
		SolutionGuid = {FE0B7FE0-16C6-47BC-990F-6EE5E161D246}
	EndGlobalSection
EndGlobal
