Microsoft Visual Studio Solution File, Format Version 12.00
# Visual Studio Version 17
VisualStudioVersion = 17.13.35931.197
MinimumVisualStudioVersion = 10.0.40219.1
Project("{FAE04EC0-301F-11D3-BF4B-00C04F79EFBC}") = "SinavProje", "SinavProje\SinavProje.csproj", "{F2CFE705-234F-4CCB-96B2-BCE95AB78777}"
EndProject
Global
	GlobalSection(SolutionConfigurationPlatforms) = preSolution
		Debug|Any CPU = Debug|Any CPU
		Release|Any CPU = Release|Any CPU
	EndGlobalSection
	GlobalSection(ProjectConfigurationPlatforms) = postSolution
		{F2CFE705-234F-4CCB-96B2-BCE95AB78777}.Debug|Any CPU.ActiveCfg = Debug|Any CPU
		{F2CFE705-234F-4CCB-96B2-BCE95AB78777}.Debug|Any CPU.Build.0 = Debug|Any CPU
		{F2CFE705-234F-4CCB-96B2-BCE95AB78777}.Release|Any CPU.ActiveCfg = Release|Any CPU
		{F2CFE705-234F-4CCB-96B2-BCE95AB78777}.Release|Any CPU.Build.0 = Release|Any CPU
	EndGlobalSection
	GlobalSection(SolutionProperties) = preSolution
		HideSolutionNode = FALSE
	EndGlobalSection
	GlobalSection(ExtensibilityGlobals) = postSolution
		SolutionGuid = {68A478FA-CF80-4188-A681-0F32483D917B}
	EndGlobalSection
EndGlobal
