
Microsoft Visual Studio Solution File, Format Version 12.00
# Visual Studio Version 17
VisualStudioVersion = 17.14.35806.103
MinimumVisualStudioVersion = 10.0.40219.1
Project("{2150E333-8FDC-42A3-9474-1A3956D46DE8}") = "Solution Items", "Solution Items", "{8EC462FD-D22E-90A8-E5CE-7E832BA40C5D}"
	ProjectSection(SolutionItems) = preProject
		Notlar_Identity.txt = Notlar_Identity.txt
	EndProjectSection
EndProject
Project("{FAE04EC0-301F-11D3-BF4B-00C04F79EFBC}") = "WebApplication1", "WebApplication1\WebApplication1.csproj", "{C9ADFEF4-D230-444F-B056-7E1871D571D3}"
EndProject
Project("{FAE04EC0-301F-11D3-BF4B-00C04F79EFBC}") = "WebApplication2", "WebApplication2\WebApplication2.csproj", "{FAF896F1-DEC4-4EB0-B5A1-09FFBA8B75E7}"
EndProject
Project("{FAE04EC0-301F-11D3-BF4B-00C04F79EFBC}") = "WebApplication3", "WebApplication3\WebApplication3.csproj", "{8B1EABC7-81CE-4F4D-A5CD-7993C3BBC433}"
EndProject
Global
	GlobalSection(SolutionConfigurationPlatforms) = preSolution
		Debug|Any CPU = Debug|Any CPU
		Release|Any CPU = Release|Any CPU
	EndGlobalSection
	GlobalSection(ProjectConfigurationPlatforms) = postSolution
		{C9ADFEF4-D230-444F-B056-7E1871D571D3}.Debug|Any CPU.ActiveCfg = Debug|Any CPU
		{C9ADFEF4-D230-444F-B056-7E1871D571D3}.Debug|Any CPU.Build.0 = Debug|Any CPU
		{C9ADFEF4-D230-444F-B056-7E1871D571D3}.Release|Any CPU.ActiveCfg = Release|Any CPU
		{C9ADFEF4-D230-444F-B056-7E1871D571D3}.Release|Any CPU.Build.0 = Release|Any CPU
		{FAF896F1-DEC4-4EB0-B5A1-09FFBA8B75E7}.Debug|Any CPU.ActiveCfg = Debug|Any CPU
		{FAF896F1-DEC4-4EB0-B5A1-09FFBA8B75E7}.Debug|Any CPU.Build.0 = Debug|Any CPU
		{FAF896F1-DEC4-4EB0-B5A1-09FFBA8B75E7}.Release|Any CPU.ActiveCfg = Release|Any CPU
		{FAF896F1-DEC4-4EB0-B5A1-09FFBA8B75E7}.Release|Any CPU.Build.0 = Release|Any CPU
		{8B1EABC7-81CE-4F4D-A5CD-7993C3BBC433}.Debug|Any CPU.ActiveCfg = Debug|Any CPU
		{8B1EABC7-81CE-4F4D-A5CD-7993C3BBC433}.Debug|Any CPU.Build.0 = Debug|Any CPU
		{8B1EABC7-81CE-4F4D-A5CD-7993C3BBC433}.Release|Any CPU.ActiveCfg = Release|Any CPU
		{8B1EABC7-81CE-4F4D-A5CD-7993C3BBC433}.Release|Any CPU.Build.0 = Release|Any CPU
	EndGlobalSection
	GlobalSection(SolutionProperties) = preSolution
		HideSolutionNode = FALSE
	EndGlobalSection
	GlobalSection(ExtensibilityGlobals) = postSolution
		SolutionGuid = {E6973162-6FC1-4A2A-A8A0-A1CDC6A8D9B4}
	EndGlobalSection
EndGlobal
