
Microsoft Visual Studio Solution File, Format Version 12.00
# Visual Studio Version 17
VisualStudioVersion = 17.14.35806.103 d17.14
MinimumVisualStudioVersion = 10.0.40219.1
Project("{FAE04EC0-301F-11D3-BF4B-00C04F79EFBC}") = "ConsoleApp1", "ConsoleApp1\ConsoleApp1.csproj", "{656098F2-1D41-4B0C-8DC5-69BB848EFFC1}"
EndProject
Global
	GlobalSection(SolutionConfigurationPlatforms) = preSolution
		Debug|Any CPU = Debug|Any CPU
		Release|Any CPU = Release|Any CPU
	EndGlobalSection
	GlobalSection(ProjectConfigurationPlatforms) = postSolution
		{656098F2-1D41-4B0C-8DC5-69BB848EFFC1}.Debug|Any CPU.ActiveCfg = Debug|Any CPU
		{656098F2-1D41-4B0C-8DC5-69BB848EFFC1}.Debug|Any CPU.Build.0 = Debug|Any CPU
		{656098F2-1D41-4B0C-8DC5-69BB848EFFC1}.Release|Any CPU.ActiveCfg = Release|Any CPU
		{656098F2-1D41-4B0C-8DC5-69BB848EFFC1}.Release|Any CPU.Build.0 = Release|Any CPU
	EndGlobalSection
	GlobalSection(SolutionProperties) = preSolution
		HideSolutionNode = FALSE
	EndGlobalSection
	GlobalSection(ExtensibilityGlobals) = postSolution
		SolutionGuid = {DB7262C1-90BC-45C3-A662-2B5C4F9241B6}
	EndGlobalSection
EndGlobal
