
Microsoft Visual Studio Solution File, Format Version 12.00
# Visual Studio Version 17
VisualStudioVersion = 17.14.35806.103 d17.14
MinimumVisualStudioVersion = 10.0.40219.1
Project("{FAE04EC0-301F-11D3-BF4B-00C04F79EFBC}") = "BaglantiliYontem", "BaglantiliYontem\BaglantiliYontem.csproj", "{9F3ABF6B-55E6-4B37-B3BB-354022E729AC}"
EndProject
Project("{FAE04EC0-301F-11D3-BF4B-00C04F79EFBC}") = "EF-Core-Intro", "EF-Core-Intro\EF-Core-Intro.csproj", "{7B372757-A218-476B-BB70-47BF9E4232C0}"
EndProject
Global
	GlobalSection(SolutionConfigurationPlatforms) = preSolution
		Debug|Any CPU = Debug|Any CPU
		Release|Any CPU = Release|Any CPU
	EndGlobalSection
	GlobalSection(ProjectConfigurationPlatforms) = postSolution
		{9F3ABF6B-55E6-4B37-B3BB-354022E729AC}.Debug|Any CPU.ActiveCfg = Debug|Any CPU
		{9F3ABF6B-55E6-4B37-B3BB-354022E729AC}.Debug|Any CPU.Build.0 = Debug|Any CPU
		{9F3ABF6B-55E6-4B37-B3BB-354022E729AC}.Release|Any CPU.ActiveCfg = Release|Any CPU
		{9F3ABF6B-55E6-4B37-B3BB-354022E729AC}.Release|Any CPU.Build.0 = Release|Any CPU
		{7B372757-A218-476B-BB70-47BF9E4232C0}.Debug|Any CPU.ActiveCfg = Debug|Any CPU
		{7B372757-A218-476B-BB70-47BF9E4232C0}.Debug|Any CPU.Build.0 = Debug|Any CPU
		{7B372757-A218-476B-BB70-47BF9E4232C0}.Release|Any CPU.ActiveCfg = Release|Any CPU
		{7B372757-A218-476B-BB70-47BF9E4232C0}.Release|Any CPU.Build.0 = Release|Any CPU
	EndGlobalSection
	GlobalSection(SolutionProperties) = preSolution
		HideSolutionNode = FALSE
	EndGlobalSection
	GlobalSection(ExtensibilityGlobals) = postSolution
		SolutionGuid = {2ED3AB4D-7F93-4694-95EE-4D481A52E349}
	EndGlobalSection
EndGlobal
